
Microsoft Visual Studio Solution File, Format Version 12.00
# Visual Studio 2013
VisualStudioVersion = 12.0.21005.1
MinimumVisualStudioVersion = 10.0.40219.1
Project("{FAE04EC0-301F-11D3-BF4B-00C04F79EFBC}") = "Twitter.Data", "Data\Twitter.Data\Twitter.Data.csproj", "{5068DEFB-78A9-4724-A4B1-6F62ED2F170D}"
EndProject
Project("{FAE04EC0-301F-11D3-BF4B-00C04F79EFBC}") = "Twitter.Models", "Data\Twitter.Models\Twitter.Models.csproj", "{99E63E15-03AE-4444-ABC6-8FB6728999F8}"
EndProject
Project("{FAE04EC0-301F-11D3-BF4B-00C04F79EFBC}") = "Twitter.Web", "Web\Twitter.Web\Twitter.Web.csproj", "{4D9C2090-8E63-448A-8C2F-D2726668EA9A}"
EndProject
Project("{2150E333-8FDC-42A3-9474-1A3956D46DE8}") = "Data", "Data", "{A35A5BB7-C560-4F0D-A5B0-398C8025D3C3}"
EndProject
Project("{2150E333-8FDC-42A3-9474-1A3956D46DE8}") = "Web", "Web", "{4BD3C758-AAE3-47AC-9764-BAA9973EA5E8}"
EndProject
Project("{2150E333-8FDC-42A3-9474-1A3956D46DE8}") = "Tests", "Tests", "{A68D35E2-6577-4720-B08D-B948C8D68765}"
EndProject
Project("{2150E333-8FDC-42A3-9474-1A3956D46DE8}") = "External Libraries", "External Libraries", "{9DCAFDB9-0EFC-4D41-A65D-E06ECD49E5C6}"
EndProject
Project("{2150E333-8FDC-42A3-9474-1A3956D46DE8}") = "Common", "Common", "{B7FE4593-80BB-4862-9AFD-4C8AFC0E7E25}"
EndProject
Global
	GlobalSection(SolutionConfigurationPlatforms) = preSolution
		Debug|Any CPU = Debug|Any CPU
		Release|Any CPU = Release|Any CPU
	EndGlobalSection
	GlobalSection(ProjectConfigurationPlatforms) = postSolution
		{5068DEFB-78A9-4724-A4B1-6F62ED2F170D}.Debug|Any CPU.ActiveCfg = Debug|Any CPU
		{5068DEFB-78A9-4724-A4B1-6F62ED2F170D}.Debug|Any CPU.Build.0 = Debug|Any CPU
		{5068DEFB-78A9-4724-A4B1-6F62ED2F170D}.Release|Any CPU.ActiveCfg = Release|Any CPU
		{5068DEFB-78A9-4724-A4B1-6F62ED2F170D}.Release|Any CPU.Build.0 = Release|Any CPU
		{99E63E15-03AE-4444-ABC6-8FB6728999F8}.Debug|Any CPU.ActiveCfg = Debug|Any CPU
		{99E63E15-03AE-4444-ABC6-8FB6728999F8}.Debug|Any CPU.Build.0 = Debug|Any CPU
		{99E63E15-03AE-4444-ABC6-8FB6728999F8}.Release|Any CPU.ActiveCfg = Release|Any CPU
		{99E63E15-03AE-4444-ABC6-8FB6728999F8}.Release|Any CPU.Build.0 = Release|Any CPU
		{4D9C2090-8E63-448A-8C2F-D2726668EA9A}.Debug|Any CPU.ActiveCfg = Debug|Any CPU
		{4D9C2090-8E63-448A-8C2F-D2726668EA9A}.Debug|Any CPU.Build.0 = Debug|Any CPU
		{4D9C2090-8E63-448A-8C2F-D2726668EA9A}.Release|Any CPU.ActiveCfg = Release|Any CPU
		{4D9C2090-8E63-448A-8C2F-D2726668EA9A}.Release|Any CPU.Build.0 = Release|Any CPU
	EndGlobalSection
	GlobalSection(SolutionProperties) = preSolution
		HideSolutionNode = FALSE
	EndGlobalSection
	GlobalSection(NestedProjects) = preSolution
		{99E63E15-03AE-4444-ABC6-8FB6728999F8} = {A35A5BB7-C560-4F0D-A5B0-398C8025D3C3}
		{5068DEFB-78A9-4724-A4B1-6F62ED2F170D} = {A35A5BB7-C560-4F0D-A5B0-398C8025D3C3}
		{4D9C2090-8E63-448A-8C2F-D2726668EA9A} = {4BD3C758-AAE3-47AC-9764-BAA9973EA5E8}
	EndGlobalSection
EndGlobal
